
Microsoft Visual Studio Solution File, Format Version 12.00
# Visual Studio Version 17
VisualStudioVersion = 17.0.31903.59
MinimumVisualStudioVersion = 10.0.40219.1
Project("{2150E333-8FDC-42A3-9474-1A3956D46DE8}") = "src", "src", "{340846A7-2F2F-49E3-A363-F3273912951D}"
EndProject
Project("{FAE04EC0-301F-11D3-BF4B-00C04F79EFBC}") = "LinFan.Core", "src\LinFan.Core\LinFan.Core.csproj", "{C7DBA0BA-A397-4089-A3C3-41408DACD8C5}"
EndProject
Project("{FAE04EC0-301F-11D3-BF4B-00C04F79EFBC}") = "LinFan.Ipc", "src\LinFan.Ipc\LinFan.Ipc.csproj", "{4970FE5B-6266-43D9-A91C-922475342ACC}"
EndProject
Project("{FAE04EC0-301F-11D3-BF4B-00C04F79EFBC}") = "LinFan.Hardware.Linux", "src\LinFan.Hardware.Linux\LinFan.Hardware.Linux.csproj", "{CA8E504E-7E6C-45AB-855E-72D9DF34B62C}"
EndProject
Project("{FAE04EC0-301F-11D3-BF4B-00C04F79EFBC}") = "LinFan.Hardware.Windows", "src\LinFan.Hardware.Windows\LinFan.Hardware.Windows.csproj", "{6ABED0DE-59E7-4052-B9DD-57AA055B584C}"
EndProject
Project("{FAE04EC0-301F-11D3-BF4B-00C04F79EFBC}") = "LinFan.Hardware.Mac", "src\LinFan.Hardware.Mac\LinFan.Hardware.Mac.csproj", "{301EB0A2-13C9-40CD-BF87-7EF97E26ECFD}"
EndProject
Project("{FAE04EC0-301F-11D3-BF4B-00C04F79EFBC}") = "LinFan.Daemon", "src\LinFan.Daemon\LinFan.Daemon.csproj", "{E7782B4A-0849-4B23-8BA0-5A71C1AA0A93}"
EndProject
Project("{FAE04EC0-301F-11D3-BF4B-00C04F79EFBC}") = "LinFan.App", "src\LinFan.App\LinFan.App.csproj", "{9D73FA4B-7329-4D48-A5CA-6BA27C4467C7}"
EndProject
Project("{2150E333-8FDC-42A3-9474-1A3956D46DE8}") = "tests", "tests", "{BEC8B08F-CF9A-4383-A6EB-E51740849E57}"
EndProject
Project("{FAE04EC0-301F-11D3-BF4B-00C04F79EFBC}") = "LinFan.Core.Tests", "tests\LinFan.Core.Tests\LinFan.Core.Tests.csproj", "{7ACA36C7-633E-4FB4-93D7-541F71CE52FB}"
EndProject
Project("{FAE04EC0-301F-11D3-BF4B-00C04F79EFBC}") = "LinFan.Hardware.Linux.Tests", "tests\LinFan.Hardware.Linux.Tests\LinFan.Hardware.Linux.Tests.csproj", "{445F823A-14A0-4977-8723-730228A5C630}"
EndProject
Project("{FAE04EC0-301F-11D3-BF4B-00C04F79EFBC}") = "LinFan.App.Tests", "tests\LinFan.App.Tests\LinFan.App.Tests.csproj", "{62425B7D-6957-4F2D-9BB4-A85FDC216989}"
EndProject
Project("{FAE04EC0-301F-11D3-BF4B-00C04F79EFBC}") = "LinFan.Ipc.Tests", "tests\LinFan.Ipc.Tests\LinFan.Ipc.Tests.csproj", "{A9519FBB-3F97-4C95-A685-79A04BF0160F}"
EndProject
Project("{FAE04EC0-301F-11D3-BF4B-00C04F79EFBC}") = "LinFan.Daemon.Tests", "tests\LinFan.Daemon.Tests\LinFan.Daemon.Tests.csproj", "{52EC1BAD-F9D2-4EAD-942B-41CB3BDC7431}"
EndProject
Project("{FAE04EC0-301F-11D3-BF4B-00C04F79EFBC}") = "LinFan.App.UiTests", "tests\LinFan.App.UiTests\LinFan.App.UiTests.csproj", "{7A6BFAF0-EE7C-431C-AF9D-004FC648F52E}"
EndProject
Project("{FAE04EC0-301F-11D3-BF4B-00C04F79EFBC}") = "LinFan.Conformance", "tests\LinFan.Conformance\LinFan.Conformance.csproj", "{73E61516-C213-4EDC-8F03-FBD2FE64A137}"
EndProject
Project("{FAE04EC0-301F-11D3-BF4B-00C04F79EFBC}") = "LinFan.Hardware.Windows.Tests", "tests\LinFan.Hardware.Windows.Tests\LinFan.Hardware.Windows.Tests.csproj", "{FB404BAB-C2DD-4FDF-A027-34604645140C}"
EndProject
Project("{FAE04EC0-301F-11D3-BF4B-00C04F79EFBC}") = "LinFan.Hardware.Mac.Tests", "tests\LinFan.Hardware.Mac.Tests\LinFan.Hardware.Mac.Tests.csproj", "{5676329D-723D-4BCE-B832-4EBC7D32B2C8}"
EndProject
Global
	GlobalSection(SolutionConfigurationPlatforms) = preSolution
		Debug|Any CPU = Debug|Any CPU
		Debug|x64 = Debug|x64
		Debug|x86 = Debug|x86
		Release|Any CPU = Release|Any CPU
		Release|x64 = Release|x64
		Release|x86 = Release|x86
	EndGlobalSection
	GlobalSection(ProjectConfigurationPlatforms) = postSolution
		{C7DBA0BA-A397-4089-A3C3-41408DACD8C5}.Debug|Any CPU.ActiveCfg = Debug|Any CPU
		{C7DBA0BA-A397-4089-A3C3-41408DACD8C5}.Debug|Any CPU.Build.0 = Debug|Any CPU
		{C7DBA0BA-A397-4089-A3C3-41408DACD8C5}.Debug|x64.ActiveCfg = Debug|Any CPU
		{C7DBA0BA-A397-4089-A3C3-41408DACD8C5}.Debug|x64.Build.0 = Debug|Any CPU
		{C7DBA0BA-A397-4089-A3C3-41408DACD8C5}.Debug|x86.ActiveCfg = Debug|Any CPU
		{C7DBA0BA-A397-4089-A3C3-41408DACD8C5}.Debug|x86.Build.0 = Debug|Any CPU
		{C7DBA0BA-A397-4089-A3C3-41408DACD8C5}.Release|Any CPU.ActiveCfg = Release|Any CPU
		{C7DBA0BA-A397-4089-A3C3-41408DACD8C5}.Release|Any CPU.Build.0 = Release|Any CPU
		{C7DBA0BA-A397-4089-A3C3-41408DACD8C5}.Release|x64.ActiveCfg = Release|Any CPU
		{C7DBA0BA-A397-4089-A3C3-41408DACD8C5}.Release|x64.Build.0 = Release|Any CPU
		{C7DBA0BA-A397-4089-A3C3-41408DACD8C5}.Release|x86.ActiveCfg = Release|Any CPU
		{C7DBA0BA-A397-4089-A3C3-41408DACD8C5}.Release|x86.Build.0 = Release|Any CPU
		{4970FE5B-6266-43D9-A91C-922475342ACC}.Debug|Any CPU.ActiveCfg = Debug|Any CPU
		{4970FE5B-6266-43D9-A91C-922475342ACC}.Debug|Any CPU.Build.0 = Debug|Any CPU
		{4970FE5B-6266-43D9-A91C-922475342ACC}.Debug|x64.ActiveCfg = Debug|Any CPU
		{4970FE5B-6266-43D9-A91C-922475342ACC}.Debug|x64.Build.0 = Debug|Any CPU
		{4970FE5B-6266-43D9-A91C-922475342ACC}.Debug|x86.ActiveCfg = Debug|Any CPU
		{4970FE5B-6266-43D9-A91C-922475342ACC}.Debug|x86.Build.0 = Debug|Any CPU
		{4970FE5B-6266-43D9-A91C-922475342ACC}.Release|Any CPU.ActiveCfg = Release|Any CPU
		{4970FE5B-6266-43D9-A91C-922475342ACC}.Release|Any CPU.Build.0 = Release|Any CPU
		{4970FE5B-6266-43D9-A91C-922475342ACC}.Release|x64.ActiveCfg = Release|Any CPU
		{4970FE5B-6266-43D9-A91C-922475342ACC}.Release|x64.Build.0 = Release|Any CPU
		{4970FE5B-6266-43D9-A91C-922475342ACC}.Release|x86.ActiveCfg = Release|Any CPU
		{4970FE5B-6266-43D9-A91C-922475342ACC}.Release|x86.Build.0 = Release|Any CPU
		{CA8E504E-7E6C-45AB-855E-72D9DF34B62C}.Debug|Any CPU.ActiveCfg = Debug|Any CPU
		{CA8E504E-7E6C-45AB-855E-72D9DF34B62C}.Debug|Any CPU.Build.0 = Debug|Any CPU
		{CA8E504E-7E6C-45AB-855E-72D9DF34B62C}.Debug|x64.ActiveCfg = Debug|Any CPU
		{CA8E504E-7E6C-45AB-855E-72D9DF34B62C}.Debug|x64.Build.0 = Debug|Any CPU
		{CA8E504E-7E6C-45AB-855E-72D9DF34B62C}.Debug|x86.ActiveCfg = Debug|Any CPU
		{CA8E504E-7E6C-45AB-855E-72D9DF34B62C}.Debug|x86.Build.0 = Debug|Any CPU
		{CA8E504E-7E6C-45AB-855E-72D9DF34B62C}.Release|Any CPU.ActiveCfg = Release|Any CPU
		{CA8E504E-7E6C-45AB-855E-72D9DF34B62C}.Release|Any CPU.Build.0 = Release|Any CPU
		{CA8E504E-7E6C-45AB-855E-72D9DF34B62C}.Release|x64.ActiveCfg = Release|Any CPU
		{CA8E504E-7E6C-45AB-855E-72D9DF34B62C}.Release|x64.Build.0 = Release|Any CPU
		{CA8E504E-7E6C-45AB-855E-72D9DF34B62C}.Release|x86.ActiveCfg = Release|Any CPU
		{CA8E504E-7E6C-45AB-855E-72D9DF34B62C}.Release|x86.Build.0 = Release|Any CPU
		{6ABED0DE-59E7-4052-B9DD-57AA055B584C}.Debug|Any CPU.ActiveCfg = Debug|Any CPU
		{6ABED0DE-59E7-4052-B9DD-57AA055B584C}.Debug|Any CPU.Build.0 = Debug|Any CPU
		{6ABED0DE-59E7-4052-B9DD-57AA055B584C}.Debug|x64.ActiveCfg = Debug|Any CPU
		{6ABED0DE-59E7-4052-B9DD-57AA055B584C}.Debug|x64.Build.0 = Debug|Any CPU
		{6ABED0DE-59E7-4052-B9DD-57AA055B584C}.Debug|x86.ActiveCfg = Debug|Any CPU
		{6ABED0DE-59E7-4052-B9DD-57AA055B584C}.Debug|x86.Build.0 = Debug|Any CPU
		{6ABED0DE-59E7-4052-B9DD-57AA055B584C}.Release|Any CPU.ActiveCfg = Release|Any CPU
		{6ABED0DE-59E7-4052-B9DD-57AA055B584C}.Release|Any CPU.Build.0 = Release|Any CPU
		{6ABED0DE-59E7-4052-B9DD-57AA055B584C}.Release|x64.ActiveCfg = Release|Any CPU
		{6ABED0DE-59E7-4052-B9DD-57AA055B584C}.Release|x64.Build.0 = Release|Any CPU
		{6ABED0DE-59E7-4052-B9DD-57AA055B584C}.Release|x86.ActiveCfg = Release|Any CPU
		{6ABED0DE-59E7-4052-B9DD-57AA055B584C}.Release|x86.Build.0 = Release|Any CPU
		{301EB0A2-13C9-40CD-BF87-7EF97E26ECFD}.Debug|Any CPU.ActiveCfg = Debug|Any CPU
		{301EB0A2-13C9-40CD-BF87-7EF97E26ECFD}.Debug|Any CPU.Build.0 = Debug|Any CPU
		{301EB0A2-13C9-40CD-BF87-7EF97E26ECFD}.Debug|x64.ActiveCfg = Debug|Any CPU
		{301EB0A2-13C9-40CD-BF87-7EF97E26ECFD}.Debug|x64.Build.0 = Debug|Any CPU
		{301EB0A2-13C9-40CD-BF87-7EF97E26ECFD}.Debug|x86.ActiveCfg = Debug|Any CPU
		{301EB0A2-13C9-40CD-BF87-7EF97E26ECFD}.Debug|x86.Build.0 = Debug|Any CPU
		{301EB0A2-13C9-40CD-BF87-7EF97E26ECFD}.Release|Any CPU.ActiveCfg = Release|Any CPU
		{301EB0A2-13C9-40CD-BF87-7EF97E26ECFD}.Release|Any CPU.Build.0 = Release|Any CPU
		{301EB0A2-13C9-40CD-BF87-7EF97E26ECFD}.Release|x64.ActiveCfg = Release|Any CPU
		{301EB0A2-13C9-40CD-BF87-7EF97E26ECFD}.Release|x64.Build.0 = Release|Any CPU
		{301EB0A2-13C9-40CD-BF87-7EF97E26ECFD}.Release|x86.ActiveCfg = Release|Any CPU
		{301EB0A2-13C9-40CD-BF87-7EF97E26ECFD}.Release|x86.Build.0 = Release|Any CPU
		{E7782B4A-0849-4B23-8BA0-5A71C1AA0A93}.Debug|Any CPU.ActiveCfg = Debug|Any CPU
		{E7782B4A-0849-4B23-8BA0-5A71C1AA0A93}.Debug|Any CPU.Build.0 = Debug|Any CPU
		{E7782B4A-0849-4B23-8BA0-5A71C1AA0A93}.Debug|x64.ActiveCfg = Debug|Any CPU
		{E7782B4A-0849-4B23-8BA0-5A71C1AA0A93}.Debug|x64.Build.0 = Debug|Any CPU
		{E7782B4A-0849-4B23-8BA0-5A71C1AA0A93}.Debug|x86.ActiveCfg = Debug|Any CPU
		{E7782B4A-0849-4B23-8BA0-5A71C1AA0A93}.Debug|x86.Build.0 = Debug|Any CPU
		{E7782B4A-0849-4B23-8BA0-5A71C1AA0A93}.Release|Any CPU.ActiveCfg = Release|Any CPU
		{E7782B4A-0849-4B23-8BA0-5A71C1AA0A93}.Release|Any CPU.Build.0 = Release|Any CPU
		{E7782B4A-0849-4B23-8BA0-5A71C1AA0A93}.Release|x64.ActiveCfg = Release|Any CPU
		{E7782B4A-0849-4B23-8BA0-5A71C1AA0A93}.Release|x64.Build.0 = Release|Any CPU
		{E7782B4A-0849-4B23-8BA0-5A71C1AA0A93}.Release|x86.ActiveCfg = Release|Any CPU
		{E7782B4A-0849-4B23-8BA0-5A71C1AA0A93}.Release|x86.Build.0 = Release|Any CPU
		{9D73FA4B-7329-4D48-A5CA-6BA27C4467C7}.Debug|Any CPU.ActiveCfg = Debug|Any CPU
		{9D73FA4B-7329-4D48-A5CA-6BA27C4467C7}.Debug|Any CPU.Build.0 = Debug|Any CPU
		{9D73FA4B-7329-4D48-A5CA-6BA27C4467C7}.Debug|x64.ActiveCfg = Debug|Any CPU
		{9D73FA4B-7329-4D48-A5CA-6BA27C4467C7}.Debug|x64.Build.0 = Debug|Any CPU
		{9D73FA4B-7329-4D48-A5CA-6BA27C4467C7}.Debug|x86.ActiveCfg = Debug|Any CPU
		{9D73FA4B-7329-4D48-A5CA-6BA27C4467C7}.Debug|x86.Build.0 = Debug|Any CPU
		{9D73FA4B-7329-4D48-A5CA-6BA27C4467C7}.Release|Any CPU.ActiveCfg = Release|Any CPU
		{9D73FA4B-7329-4D48-A5CA-6BA27C4467C7}.Release|Any CPU.Build.0 = Release|Any CPU
		{9D73FA4B-7329-4D48-A5CA-6BA27C4467C7}.Release|x64.ActiveCfg = Release|Any CPU
		{9D73FA4B-7329-4D48-A5CA-6BA27C4467C7}.Release|x64.Build.0 = Release|Any CPU
		{9D73FA4B-7329-4D48-A5CA-6BA27C4467C7}.Release|x86.ActiveCfg = Release|Any CPU
		{9D73FA4B-7329-4D48-A5CA-6BA27C4467C7}.Release|x86.Build.0 = Release|Any CPU
		{7ACA36C7-633E-4FB4-93D7-541F71CE52FB}.Debug|Any CPU.ActiveCfg = Debug|Any CPU
		{7ACA36C7-633E-4FB4-93D7-541F71CE52FB}.Debug|Any CPU.Build.0 = Debug|Any CPU
		{7ACA36C7-633E-4FB4-93D7-541F71CE52FB}.Debug|x64.ActiveCfg = Debug|Any CPU
		{7ACA36C7-633E-4FB4-93D7-541F71CE52FB}.Debug|x64.Build.0 = Debug|Any CPU
		{7ACA36C7-633E-4FB4-93D7-541F71CE52FB}.Debug|x86.ActiveCfg = Debug|Any CPU
		{7ACA36C7-633E-4FB4-93D7-541F71CE52FB}.Debug|x86.Build.0 = Debug|Any CPU
		{7ACA36C7-633E-4FB4-93D7-541F71CE52FB}.Release|Any CPU.ActiveCfg = Release|Any CPU
		{7ACA36C7-633E-4FB4-93D7-541F71CE52FB}.Release|Any CPU.Build.0 = Release|Any CPU
		{7ACA36C7-633E-4FB4-93D7-541F71CE52FB}.Release|x64.ActiveCfg = Release|Any CPU
		{7ACA36C7-633E-4FB4-93D7-541F71CE52FB}.Release|x64.Build.0 = Release|Any CPU
		{7ACA36C7-633E-4FB4-93D7-541F71CE52FB}.Release|x86.ActiveCfg = Release|Any CPU
		{7ACA36C7-633E-4FB4-93D7-541F71CE52FB}.Release|x86.Build.0 = Release|Any CPU
		{445F823A-14A0-4977-8723-730228A5C630}.Debug|Any CPU.ActiveCfg = Debug|Any CPU
		{445F823A-14A0-4977-8723-730228A5C630}.Debug|Any CPU.Build.0 = Debug|Any CPU
		{445F823A-14A0-4977-8723-730228A5C630}.Debug|x64.ActiveCfg = Debug|Any CPU
		{445F823A-14A0-4977-8723-730228A5C630}.Debug|x64.Build.0 = Debug|Any CPU
		{445F823A-14A0-4977-8723-730228A5C630}.Debug|x86.ActiveCfg = Debug|Any CPU
		{445F823A-14A0-4977-8723-730228A5C630}.Debug|x86.Build.0 = Debug|Any CPU
		{445F823A-14A0-4977-8723-730228A5C630}.Release|Any CPU.ActiveCfg = Release|Any CPU
		{445F823A-14A0-4977-8723-730228A5C630}.Release|Any CPU.Build.0 = Release|Any CPU
		{445F823A-14A0-4977-8723-730228A5C630}.Release|x64.ActiveCfg = Release|Any CPU
		{445F823A-14A0-4977-8723-730228A5C630}.Release|x64.Build.0 = Release|Any CPU
		{445F823A-14A0-4977-8723-730228A5C630}.Release|x86.ActiveCfg = Release|Any CPU
		{445F823A-14A0-4977-8723-730228A5C630}.Release|x86.Build.0 = Release|Any CPU
		{62425B7D-6957-4F2D-9BB4-A85FDC216989}.Debug|Any CPU.ActiveCfg = Debug|Any CPU
		{62425B7D-6957-4F2D-9BB4-A85FDC216989}.Debug|Any CPU.Build.0 = Debug|Any CPU
		{62425B7D-6957-4F2D-9BB4-A85FDC216989}.Debug|x64.ActiveCfg = Debug|Any CPU
		{62425B7D-6957-4F2D-9BB4-A85FDC216989}.Debug|x64.Build.0 = Debug|Any CPU
		{62425B7D-6957-4F2D-9BB4-A85FDC216989}.Debug|x86.ActiveCfg = Debug|Any CPU
		{62425B7D-6957-4F2D-9BB4-A85FDC216989}.Debug|x86.Build.0 = Debug|Any CPU
		{62425B7D-6957-4F2D-9BB4-A85FDC216989}.Release|Any CPU.ActiveCfg = Release|Any CPU
		{62425B7D-6957-4F2D-9BB4-A85FDC216989}.Release|Any CPU.Build.0 = Release|Any CPU
		{62425B7D-6957-4F2D-9BB4-A85FDC216989}.Release|x64.ActiveCfg = Release|Any CPU
		{62425B7D-6957-4F2D-9BB4-A85FDC216989}.Release|x64.Build.0 = Release|Any CPU
		{62425B7D-6957-4F2D-9BB4-A85FDC216989}.Release|x86.ActiveCfg = Release|Any CPU
		{62425B7D-6957-4F2D-9BB4-A85FDC216989}.Release|x86.Build.0 = Release|Any CPU
		{A9519FBB-3F97-4C95-A685-79A04BF0160F}.Debug|Any CPU.ActiveCfg = Debug|Any CPU
		{A9519FBB-3F97-4C95-A685-79A04BF0160F}.Debug|Any CPU.Build.0 = Debug|Any CPU
		{A9519FBB-3F97-4C95-A685-79A04BF0160F}.Debug|x64.ActiveCfg = Debug|Any CPU
		{A9519FBB-3F97-4C95-A685-79A04BF0160F}.Debug|x64.Build.0 = Debug|Any CPU
		{A9519FBB-3F97-4C95-A685-79A04BF0160F}.Debug|x86.ActiveCfg = Debug|Any CPU
		{A9519FBB-3F97-4C95-A685-79A04BF0160F}.Debug|x86.Build.0 = Debug|Any CPU
		{A9519FBB-3F97-4C95-A685-79A04BF0160F}.Release|Any CPU.ActiveCfg = Release|Any CPU
		{A9519FBB-3F97-4C95-A685-79A04BF0160F}.Release|Any CPU.Build.0 = Release|Any CPU
		{A9519FBB-3F97-4C95-A685-79A04BF0160F}.Release|x64.ActiveCfg = Release|Any CPU
		{A9519FBB-3F97-4C95-A685-79A04BF0160F}.Release|x64.Build.0 = Release|Any CPU
		{A9519FBB-3F97-4C95-A685-79A04BF0160F}.Release|x86.ActiveCfg = Release|Any CPU
		{A9519FBB-3F97-4C95-A685-79A04BF0160F}.Release|x86.Build.0 = Release|Any CPU
		{52EC1BAD-F9D2-4EAD-942B-41CB3BDC7431}.Debug|Any CPU.ActiveCfg = Debug|Any CPU
		{52EC1BAD-F9D2-4EAD-942B-41CB3BDC7431}.Debug|Any CPU.Build.0 = Debug|Any CPU
		{52EC1BAD-F9D2-4EAD-942B-41CB3BDC7431}.Debug|x64.ActiveCfg = Debug|Any CPU
		{52EC1BAD-F9D2-4EAD-942B-41CB3BDC7431}.Debug|x64.Build.0 = Debug|Any CPU
		{52EC1BAD-F9D2-4EAD-942B-41CB3BDC7431}.Debug|x86.ActiveCfg = Debug|Any CPU
		{52EC1BAD-F9D2-4EAD-942B-41CB3BDC7431}.Debug|x86.Build.0 = Debug|Any CPU
		{52EC1BAD-F9D2-4EAD-942B-41CB3BDC7431}.Release|Any CPU.ActiveCfg = Release|Any CPU
		{52EC1BAD-F9D2-4EAD-942B-41CB3BDC7431}.Release|Any CPU.Build.0 = Release|Any CPU
		{52EC1BAD-F9D2-4EAD-942B-41CB3BDC7431}.Release|x64.ActiveCfg = Release|Any CPU
		{52EC1BAD-F9D2-4EAD-942B-41CB3BDC7431}.Release|x64.Build.0 = Release|Any CPU
		{52EC1BAD-F9D2-4EAD-942B-41CB3BDC7431}.Release|x86.ActiveCfg = Release|Any CPU
		{52EC1BAD-F9D2-4EAD-942B-41CB3BDC7431}.Release|x86.Build.0 = Release|Any CPU
		{7A6BFAF0-EE7C-431C-AF9D-004FC648F52E}.Debug|Any CPU.ActiveCfg = Debug|Any CPU
		{7A6BFAF0-EE7C-431C-AF9D-004FC648F52E}.Debug|Any CPU.Build.0 = Debug|Any CPU
		{7A6BFAF0-EE7C-431C-AF9D-004FC648F52E}.Debug|x64.ActiveCfg = Debug|Any CPU
		{7A6BFAF0-EE7C-431C-AF9D-004FC648F52E}.Debug|x64.Build.0 = Debug|Any CPU
		{7A6BFAF0-EE7C-431C-AF9D-004FC648F52E}.Debug|x86.ActiveCfg = Debug|Any CPU
		{7A6BFAF0-EE7C-431C-AF9D-004FC648F52E}.Debug|x86.Build.0 = Debug|Any CPU
		{7A6BFAF0-EE7C-431C-AF9D-004FC648F52E}.Release|Any CPU.ActiveCfg = Release|Any CPU
		{7A6BFAF0-EE7C-431C-AF9D-004FC648F52E}.Release|Any CPU.Build.0 = Release|Any CPU
		{7A6BFAF0-EE7C-431C-AF9D-004FC648F52E}.Release|x64.ActiveCfg = Release|Any CPU
		{7A6BFAF0-EE7C-431C-AF9D-004FC648F52E}.Release|x64.Build.0 = Release|Any CPU
		{7A6BFAF0-EE7C-431C-AF9D-004FC648F52E}.Release|x86.ActiveCfg = Release|Any CPU
		{7A6BFAF0-EE7C-431C-AF9D-004FC648F52E}.Release|x86.Build.0 = Release|Any CPU
		{73E61516-C213-4EDC-8F03-FBD2FE64A137}.Debug|Any CPU.ActiveCfg = Debug|Any CPU
		{73E61516-C213-4EDC-8F03-FBD2FE64A137}.Debug|Any CPU.Build.0 = Debug|Any CPU
		{73E61516-C213-4EDC-8F03-FBD2FE64A137}.Debug|x64.ActiveCfg = Debug|Any CPU
		{73E61516-C213-4EDC-8F03-FBD2FE64A137}.Debug|x64.Build.0 = Debug|Any CPU
		{73E61516-C213-4EDC-8F03-FBD2FE64A137}.Debug|x86.ActiveCfg = Debug|Any CPU
		{73E61516-C213-4EDC-8F03-FBD2FE64A137}.Debug|x86.Build.0 = Debug|Any CPU
		{73E61516-C213-4EDC-8F03-FBD2FE64A137}.Release|Any CPU.ActiveCfg = Release|Any CPU
		{73E61516-C213-4EDC-8F03-FBD2FE64A137}.Release|Any CPU.Build.0 = Release|Any CPU
		{73E61516-C213-4EDC-8F03-FBD2FE64A137}.Release|x64.ActiveCfg = Release|Any CPU
		{73E61516-C213-4EDC-8F03-FBD2FE64A137}.Release|x64.Build.0 = Release|Any CPU
		{73E61516-C213-4EDC-8F03-FBD2FE64A137}.Release|x86.ActiveCfg = Release|Any CPU
		{73E61516-C213-4EDC-8F03-FBD2FE64A137}.Release|x86.Build.0 = Release|Any CPU
		{FB404BAB-C2DD-4FDF-A027-34604645140C}.Debug|Any CPU.ActiveCfg = Debug|Any CPU
		{FB404BAB-C2DD-4FDF-A027-34604645140C}.Debug|Any CPU.Build.0 = Debug|Any CPU
		{FB404BAB-C2DD-4FDF-A027-34604645140C}.Debug|x64.ActiveCfg = Debug|Any CPU
		{FB404BAB-C2DD-4FDF-A027-34604645140C}.Debug|x64.Build.0 = Debug|Any CPU
		{FB404BAB-C2DD-4FDF-A027-34604645140C}.Debug|x86.ActiveCfg = Debug|Any CPU
		{FB404BAB-C2DD-4FDF-A027-34604645140C}.Debug|x86.Build.0 = Debug|Any CPU
		{FB404BAB-C2DD-4FDF-A027-34604645140C}.Release|Any CPU.ActiveCfg = Release|Any CPU
		{FB404BAB-C2DD-4FDF-A027-34604645140C}.Release|Any CPU.Build.0 = Release|Any CPU
		{FB404BAB-C2DD-4FDF-A027-34604645140C}.Release|x64.ActiveCfg = Release|Any CPU
		{FB404BAB-C2DD-4FDF-A027-34604645140C}.Release|x64.Build.0 = Release|Any CPU
		{FB404BAB-C2DD-4FDF-A027-34604645140C}.Release|x86.ActiveCfg = Release|Any CPU
		{FB404BAB-C2DD-4FDF-A027-34604645140C}.Release|x86.Build.0 = Release|Any CPU
		{5676329D-723D-4BCE-B832-4EBC7D32B2C8}.Debug|Any CPU.ActiveCfg = Debug|Any CPU
		{5676329D-723D-4BCE-B832-4EBC7D32B2C8}.Debug|Any CPU.Build.0 = Debug|Any CPU
		{5676329D-723D-4BCE-B832-4EBC7D32B2C8}.Debug|x64.ActiveCfg = Debug|Any CPU
		{5676329D-723D-4BCE-B832-4EBC7D32B2C8}.Debug|x64.Build.0 = Debug|Any CPU
		{5676329D-723D-4BCE-B832-4EBC7D32B2C8}.Debug|x86.ActiveCfg = Debug|Any CPU
		{5676329D-723D-4BCE-B832-4EBC7D32B2C8}.Debug|x86.Build.0 = Debug|Any CPU
		{5676329D-723D-4BCE-B832-4EBC7D32B2C8}.Release|Any CPU.ActiveCfg = Release|Any CPU
		{5676329D-723D-4BCE-B832-4EBC7D32B2C8}.Release|Any CPU.Build.0 = Release|Any CPU
		{5676329D-723D-4BCE-B832-4EBC7D32B2C8}.Release|x64.ActiveCfg = Release|Any CPU
		{5676329D-723D-4BCE-B832-4EBC7D32B2C8}.Release|x64.Build.0 = Release|Any CPU
		{5676329D-723D-4BCE-B832-4EBC7D32B2C8}.Release|x86.ActiveCfg = Release|Any CPU
		{5676329D-723D-4BCE-B832-4EBC7D32B2C8}.Release|x86.Build.0 = Release|Any CPU
	EndGlobalSection
	GlobalSection(SolutionProperties) = preSolution
		HideSolutionNode = FALSE
	EndGlobalSection
	GlobalSection(NestedProjects) = preSolution
		{C7DBA0BA-A397-4089-A3C3-41408DACD8C5} = {340846A7-2F2F-49E3-A363-F3273912951D}
		{4970FE5B-6266-43D9-A91C-922475342ACC} = {340846A7-2F2F-49E3-A363-F3273912951D}
		{CA8E504E-7E6C-45AB-855E-72D9DF34B62C} = {340846A7-2F2F-49E3-A363-F3273912951D}
		{6ABED0DE-59E7-4052-B9DD-57AA055B584C} = {340846A7-2F2F-49E3-A363-F3273912951D}
		{301EB0A2-13C9-40CD-BF87-7EF97E26ECFD} = {340846A7-2F2F-49E3-A363-F3273912951D}
		{E7782B4A-0849-4B23-8BA0-5A71C1AA0A93} = {340846A7-2F2F-49E3-A363-F3273912951D}
		{9D73FA4B-7329-4D48-A5CA-6BA27C4467C7} = {340846A7-2F2F-49E3-A363-F3273912951D}
		{7ACA36C7-633E-4FB4-93D7-541F71CE52FB} = {BEC8B08F-CF9A-4383-A6EB-E51740849E57}
		{445F823A-14A0-4977-8723-730228A5C630} = {BEC8B08F-CF9A-4383-A6EB-E51740849E57}
		{62425B7D-6957-4F2D-9BB4-A85FDC216989} = {BEC8B08F-CF9A-4383-A6EB-E51740849E57}
		{A9519FBB-3F97-4C95-A685-79A04BF0160F} = {BEC8B08F-CF9A-4383-A6EB-E51740849E57}
		{52EC1BAD-F9D2-4EAD-942B-41CB3BDC7431} = {BEC8B08F-CF9A-4383-A6EB-E51740849E57}
		{7A6BFAF0-EE7C-431C-AF9D-004FC648F52E} = {BEC8B08F-CF9A-4383-A6EB-E51740849E57}
		{73E61516-C213-4EDC-8F03-FBD2FE64A137} = {BEC8B08F-CF9A-4383-A6EB-E51740849E57}
		{FB404BAB-C2DD-4FDF-A027-34604645140C} = {BEC8B08F-CF9A-4383-A6EB-E51740849E57}
		{5676329D-723D-4BCE-B832-4EBC7D32B2C8} = {BEC8B08F-CF9A-4383-A6EB-E51740849E57}
	EndGlobalSection
EndGlobal
